<Solution>
  <Folder Name="/API/" />
  <Folder Name="/Core/">
    <Project Path="DientesLimpios.Aplicacion/DientesLimpios.Aplicacion.csproj" Id="b9b7c92c-d219-477e-9a8e-acd341f00f62" />
    <Project Path="DientesLimpios.Dominio/DientesLimpios.Dominio.csproj" />
  </Folder>
  <Folder Name="/Infraestructura/" />
  <Folder Name="/Pruebas/">
    <Project Path="DientesLimpios.Pruebas/DientesLimpios.Pruebas.csproj" />
  </Folder>
</Solution>
